
Microsoft Visual Studio Solution File, Format Version 12.00
# Visual Studio Version 17
VisualStudioVersion = 17.4.33122.133
MinimumVisualStudioVersion = 10.0.40219.1
Project("{FAE04EC0-301F-11D3-BF4B-00C04F79EFBC}") = "BulkyBookWeb", "BulkyBookWeb\BulkyBookWeb.csproj", "{ED8ACCBC-BE58-47E8-98E8-3DE97000C1C7}"
EndProject
Global
	GlobalSection(SolutionConfigurationPlatforms) = preSolution
		Debug|Any CPU = Debug|Any CPU
		Release|Any CPU = Release|Any CPU
	EndGlobalSection
	GlobalSection(ProjectConfigurationPlatforms) = postSolution
		{ED8ACCBC-BE58-47E8-98E8-3DE97000C1C7}.Debug|Any CPU.ActiveCfg = Debug|Any CPU
		{ED8ACCBC-BE58-47E8-98E8-3DE97000C1C7}.Debug|Any CPU.Build.0 = Debug|Any CPU
		{ED8ACCBC-BE58-47E8-98E8-3DE97000C1C7}.Release|Any CPU.ActiveCfg = Release|Any CPU
		{ED8ACCBC-BE58-47E8-98E8-3DE97000C1C7}.Release|Any CPU.Build.0 = Release|Any CPU
	EndGlobalSection
	GlobalSection(SolutionProperties) = preSolution
		HideSolutionNode = FALSE
	EndGlobalSection
	GlobalSection(ExtensibilityGlobals) = postSolution
		SolutionGuid = {6CDD1691-6301-4EB6-8DC8-2EF0907C8155}
	EndGlobalSection
EndGlobal
